
Microsoft Visual Studio Solution File, Format Version 12.00
# Visual Studio Version 17
VisualStudioVersion = 17.4.33213.308
MinimumVisualStudioVersion = 10.0.40219.1
Project("{FAE04EC0-301F-11D3-BF4B-00C04F79EFBC}") = "FoodCore", "FoodCore.csproj", "{5B365CA5-EFF8-4284-9559-E827EA9D11F6}"
EndProject
Global
	GlobalSection(SolutionConfigurationPlatforms) = preSolution
		Debug|Any CPU = Debug|Any CPU
		Release|Any CPU = Release|Any CPU
	EndGlobalSection
	GlobalSection(ProjectConfigurationPlatforms) = postSolution
		{5B365CA5-EFF8-4284-9559-E827EA9D11F6}.Debug|Any CPU.ActiveCfg = Debug|Any CPU
		{5B365CA5-EFF8-4284-9559-E827EA9D11F6}.Debug|Any CPU.Build.0 = Debug|Any CPU
		{5B365CA5-EFF8-4284-9559-E827EA9D11F6}.Release|Any CPU.ActiveCfg = Release|Any CPU
		{5B365CA5-EFF8-4284-9559-E827EA9D11F6}.Release|Any CPU.Build.0 = Release|Any CPU
	EndGlobalSection
	GlobalSection(SolutionProperties) = preSolution
		HideSolutionNode = FALSE
	EndGlobalSection
	GlobalSection(ExtensibilityGlobals) = postSolution
		SolutionGuid = {34FFFEE8-03F9-4255-9448-41125BFE8FA3}
	EndGlobalSection
EndGlobal
